
Microsoft Visual Studio Solution File, Format Version 12.00
# Visual Studio Version 17
VisualStudioVersion = 17.9.34622.214
MinimumVisualStudioVersion = 10.0.40219.1
Project("{FAE04EC0-301F-11D3-BF4B-00C04F79EFBC}") = "basit e-ticaret uygulaması crud", "basit e-ticaret uygulaması crud\basit e-ticaret uygulaması crud.csproj", "{C64BCDC1-0E30-4484-BF52-27ABB27FD0A6}"
EndProject
Global
	GlobalSection(SolutionConfigurationPlatforms) = preSolution
		Debug|Any CPU = Debug|Any CPU
		Release|Any CPU = Release|Any CPU
	EndGlobalSection
	GlobalSection(ProjectConfigurationPlatforms) = postSolution
		{C64BCDC1-0E30-4484-BF52-27ABB27FD0A6}.Debug|Any CPU.ActiveCfg = Debug|Any CPU
		{C64BCDC1-0E30-4484-BF52-27ABB27FD0A6}.Debug|Any CPU.Build.0 = Debug|Any CPU
		{C64BCDC1-0E30-4484-BF52-27ABB27FD0A6}.Release|Any CPU.ActiveCfg = Release|Any CPU
		{C64BCDC1-0E30-4484-BF52-27ABB27FD0A6}.Release|Any CPU.Build.0 = Release|Any CPU
	EndGlobalSection
	GlobalSection(SolutionProperties) = preSolution
		HideSolutionNode = FALSE
	EndGlobalSection
	GlobalSection(ExtensibilityGlobals) = postSolution
		SolutionGuid = {4ABFFC72-5078-4DDD-9B61-9412FEC4C699}
	EndGlobalSection
EndGlobal
